
Microsoft Visual Studio Solution File, Format Version 12.00
# Visual Studio Version 16
VisualStudioVersion = 16.0.30611.23
MinimumVisualStudioVersion = 10.0.40219.1
Project("{9A19103F-16F7-4668-BE54-9A1E7A4F7556}") = "Timesheet", "Timesheet\Timesheet.csproj", "{B94888F1-F2BB-4E0B-B317-09A377770096}"
EndProject
Project("{FAE04EC0-301F-11D3-BF4B-00C04F79EFBC}") = "TestProject", "TestProject\TestProject.csproj", "{F043AF3E-1A2F-45D0-9995-F0EA3D021879}"
EndProject
Global
	GlobalSection(SolutionConfigurationPlatforms) = preSolution
		Debug|Any CPU = Debug|Any CPU
		Release|Any CPU = Release|Any CPU
	EndGlobalSection
	GlobalSection(ProjectConfigurationPlatforms) = postSolution
		{B94888F1-F2BB-4E0B-B317-09A377770096}.Debug|Any CPU.ActiveCfg = Debug|Any CPU
		{B94888F1-F2BB-4E0B-B317-09A377770096}.Debug|Any CPU.Build.0 = Debug|Any CPU
		{B94888F1-F2BB-4E0B-B317-09A377770096}.Release|Any CPU.ActiveCfg = Release|Any CPU
		{B94888F1-F2BB-4E0B-B317-09A377770096}.Release|Any CPU.Build.0 = Release|Any CPU
		{F043AF3E-1A2F-45D0-9995-F0EA3D021879}.Debug|Any CPU.ActiveCfg = Debug|Any CPU
		{F043AF3E-1A2F-45D0-9995-F0EA3D021879}.Debug|Any CPU.Build.0 = Debug|Any CPU
		{F043AF3E-1A2F-45D0-9995-F0EA3D021879}.Release|Any CPU.ActiveCfg = Release|Any CPU
		{F043AF3E-1A2F-45D0-9995-F0EA3D021879}.Release|Any CPU.Build.0 = Release|Any CPU
	EndGlobalSection
	GlobalSection(SolutionProperties) = preSolution
		HideSolutionNode = FALSE
	EndGlobalSection
	GlobalSection(ExtensibilityGlobals) = postSolution
		SolutionGuid = {F3A033BE-C343-4C48-AB9A-090249A6594D}
	EndGlobalSection
EndGlobal
